
Microsoft Visual Studio Solution File, Format Version 12.00
Project("{FAE04EC0-301F-11D3-BF4B-00C04F79EFBC}") = "CollectionViewHeaderEntryFocus", "CollectionViewHeaderEntryFocus\CollectionViewHeaderEntryFocus.csproj", "{4F67CE92-F1DE-4F8C-8DFD-E5A15E064AB7}"
EndProject
Global
	GlobalSection(SolutionConfigurationPlatforms) = preSolution
		Debug|Any CPU = Debug|Any CPU
		Release|Any CPU = Release|Any CPU
	EndGlobalSection
	GlobalSection(ProjectConfigurationPlatforms) = postSolution
		{4F67CE92-F1DE-4F8C-8DFD-E5A15E064AB7}.Debug|Any CPU.ActiveCfg = Debug|Any CPU
		{4F67CE92-F1DE-4F8C-8DFD-E5A15E064AB7}.Debug|Any CPU.Build.0 = Debug|Any CPU
		{4F67CE92-F1DE-4F8C-8DFD-E5A15E064AB7}.Release|Any CPU.ActiveCfg = Release|Any CPU
		{4F67CE92-F1DE-4F8C-8DFD-E5A15E064AB7}.Release|Any CPU.Build.0 = Release|Any CPU
	EndGlobalSection
EndGlobal
